// !$*UTF8*$!
{
	archiveVersion = 1;
	classes = {
	};
	objectVersion = 46;
	objects = {

/* Begin PBXBuildFile section */
		C5847A171B7199540029244F /* main.m in Sources */ = {isa = PBXBuildFile; fileRef = C5847A161B7199540029244F /* main.m */; };
		C5847A1A1B7199540029244F /* AppDelegate.m in Sources */ = {isa = PBXBuildFile; fileRef = C5847A191B7199540029244F /* AppDelegate.m */; };
		C5847A1D1B7199540029244F /* ViewController.m in Sources */ = {isa = PBXBuildFile; fileRef = C5847A1C1B7199540029244F /* ViewController.m */; };
		C5847A201B7199540029244F /* Main.storyboard in Resources */ = {isa = PBXBuildFile; fileRef = C5847A1E1B7199540029244F /* Main.storyboard */; };
		C5847A221B7199540029244F /* Images.xcassets in Resources */ = {isa = PBXBuildFile; fileRef = C5847A211B7199540029244F /* Images.xcassets */; };
		C5847A251B7199540029244F /* LaunchScreen.xib in Resources */ = {isa = PBXBuildFile; fileRef = C5847A231B7199540029244F /* LaunchScreen.xib */; };
		C5847A311B7199540029244F /* PopAnimationTests.m in Sources */ = {isa = PBXBuildFile; fileRef = C5847A301B7199540029244F /* PopAnimationTests.m */; };
/* End PBXBuildFile section */

/* Begin PBXContainerItemProxy section */
		C5847A2B1B7199540029244F /* PBXContainerItemProxy */ = {
			isa = PBXContainerItemProxy;
			containerPortal = C5847A091B7199540029244F /* Project object */;
			proxyType = 1;
			remoteGlobalIDString = C5847A101B7199540029244F;
			remoteInfo = PopAnimation;
		};
/* End PBXContainerItemProxy section */

/* Begin PBXFileReference section */
		C5847A111B7199540029244F /* PopAnimation.app */ = {isa = PBXFileReference; explicitFileType = wrapper.application; includeInIndex = 0; path = PopAnimation.app; sourceTree = BUILT_PRODUCTS_DIR; };
		C5847A151B7199540029244F /* Info.plist */ = {isa = PBXFileReference; lastKnownFileType = text.plist.xml; path = Info.plist; sourceTree = "<group>"; };
		C5847A161B7199540029244F /* main.m */ = {isa = PBXFileReference; lastKnownFileType = sourcecode.c.objc; path = main.m; sourceTree = "<group>"; };
		C5847A181B7199540029244F /* AppDelegate.h */ = {isa = PBXFileReference; lastKnownFileType = sourcecode.c.h; path = AppDelegate.h; sourceTree = "<group>"; };
		C5847A191B7199540029244F /* AppDelegate.m */ = {isa = PBXFileReference; lastKnownFileType = sourcecode.c.objc; path = AppDelegate.m; sourceTree = "<group>"; };
		C5847A1B1B7199540029244F /* ViewController.h */ = {isa = PBXFileReference; lastKnownFileType = sourcecode.c.h; path = ViewController.h; sourceTree = "<group>"; };
		C5847A1C1B7199540029244F /* ViewController.m */ = {isa = PBXFileReference; lastKnownFileType = sourcecode.c.objc; path = ViewController.m; sourceTree = "<group>"; };
		C5847A1F1B7199540029244F /* Base */ = {isa = PBXFileReference; lastKnownFileType = file.storyboard; name = Base; path = Base.lproj/Main.storyboard; sourceTree = "<group>"; };
		C5847A211B7199540029244F /* Images.xcassets */ = {isa = PBXFileReference; lastKnownFileType = folder.assetcatalog; path = Images.xcassets; sourceTree = "<group>"; };
		C5847A241B7199540029244F /* Base */ = {isa = PBXFileReference; lastKnownFileType = file.xib; name = Base; path = Base.lproj/LaunchScreen.xib; sourceTree = "<group>"; };
		C5847A2A1B7199540029244F /* PopAnimationTests.xctest */ = {isa = PBXFileReference; explicitFileType = wrapper.cfbundle; includeInIndex = 0; path = PopAnimationTests.xctest; sourceTree = BUILT_PRODUCTS_DIR; };
		C5847A2F1B7199540029244F /* Info.plist */ = {isa = PBXFileReference; lastKnownFileType = text.plist.xml; path = Info.plist; sourceTree = "<group>"; };
		C5847A301B7199540029244F /* PopAnimationTests.m */ = {isa = PBXFileReference; lastKnownFileType = sourcecode.c.objc; path = PopAnimationTests.m; sourceTree = "<group>"; };
/* End PBXFileReference section */

/* Begin PBXFrameworksBuildPhase section */
		C5847A0E1B7199540029244F /* Frameworks */ = {
			isa = PBXFrameworksBuildPhase;
			buildActionMask = 2147483647;
			files = (
			);
			runOnlyForDeploymentPostprocessing = 0;
		};
		C5847A271B7199540029244F /* Frameworks */ = {
			isa = PBXFrameworksBuildPhase;
			buildActionMask = 2147483647;
			files = (
			);
			runOnlyForDeploymentPostprocessing = 0;
		};
/* End PBXFrameworksBuildPhase section */

/* Begin PBXGroup section */
		C5847A081B7199540029244F = {
			isa = PBXGroup;
			children = (
				C5847A131B7199540029244F /* PopAnimation */,
				C5847A2D1B7199540029244F /* PopAnimationTests */,
				C5847A121B7199540029244F /* Products */,
			);
			sourceTree = "<group>";
		};
		C5847A121B7199540029244F /* Products */ = {
			isa = PBXGroup;
			children = (
				C5847A111B7199540029244F /* PopAnimation.app */,
				C5847A2A1B7199540029244F /* PopAnimationTests.xctest */,
			);
			name = Products;
			sourceTree = "<group>";
		};
		C5847A131B7199540029244F /* PopAnimation */ = {
			isa = PBXGroup;
			children = (
				C5847A181B7199540029244F /* AppDelegate.h */,
				C5847A191B7199540029244F /* AppDelegate.m */,
				C5847A1B1B7199540029244F /* ViewController.h */,
				C5847A1C1B7199540029244F /* ViewController.m */,
				C5847A1E1B7199540029244F /* Main.storyboard */,
				C5847A211B7199540029244F /* Images.xcassets */,
				C5847A231B7199540029244F /* LaunchScreen.xib */,
				C5847A141B7199540029244F /* Supporting Files */,
			);
			path = PopAnimation;
			sourceTree = "<group>";
		};
		C5847A141B7199540029244F /* Supporting Files */ = {
			isa = PBXGroup;
			children = (
				C5847A151B7199540029244F /* Info.plist */,
				C5847A161B7199540029244F /* main.m */,
			);
			name = "Supporting Files";
			sourceTree = "<group>";
		};
		C5847A2D1B7199540029244F /* PopAnimationTests */ = {
			isa = PBXGroup;
			children = (
				C5847A301B7199540029244F /* PopAnimationTests.m */,
				C5847A2E1B7199540029244F /* Supporting Files */,
			);
			path = PopAnimationTests;
			sourceTree = "<group>";
		};
		C5847A2E1B7199540029244F /* Supporting Files */ = {
			isa = PBXGroup;
			children = (
				C5847A2F1B7199540029244F /* Info.plist */,
			);
			name = "Supporting Files";
			sourceTree = "<group>";
		};
/* End PBXGroup section */

/* Begin PBXNativeTarget section */
		C5847A101B7199540029244F /* PopAnimation */ = {
			isa = PBXNativeTarget;
			buildConfigurationList = C5847A341B7199540029244F /* Build configuration list for PBXNativeTarget "PopAnimation" */;
			buildPhases = (
				C5847A0D1B7199540029244F /* Sources */,
				C5847A0E1B7199540029244F /* Frameworks */,
				C5847A0F1B7199540029244F /* Resources */,
			);
			buildRules = (
			);
			dependencies = (
			);
			name = PopAnimation;
			productName = PopAnimation;
			productReference = C5847A111B7199540029244F /* PopAnimation.app */;
			productType = "com.apple.product-type.application";
		};
		C5847A291B7199540029244F /* PopAnimationTests */ = {
			isa = PBXNativeTarget;
			buildConfigurationList = C5847A371B7199540029244F /* Build configuration list for PBXNativeTarget "PopAnimationTests" */;
			buildPhases = (
				C5847A261B7199540029244F /* Sources */,
				C5847A271B7199540029244F /* Frameworks */,
				C5847A281B7199540029244F /* Resources */,
			);
			buildRules = (
			);
			dependencies = (
				C5847A2C1B7199540029244F /* PBXTargetDependency */,
			);
			name = PopAnimationTests;
			productName = PopAnimationTests;
			productReference = C5847A2A1B7199540029244F /* PopAnimationTests.xctest */;
			productType = "com.apple.product-type.bundle.unit-test";
		};
/* End PBXNativeTarget section */

/* Begin PBXProject section */
		C5847A091B7199540029244F /* Project object */ = {
			isa = PBXProject;
			attributes = {
				LastUpgradeCheck = 0630;
				ORGANIZATIONNAME = jobs;
				TargetAttributes = {
					C5847A101B7199540029244F = {
						CreatedOnToolsVersion = 6.3;
					};
					C5847A291B7199540029244F = {
						CreatedOnToolsVersion = 6.3;
						TestTargetID = C5847A101B7199540029244F;
					};
				};
			};
			buildConfigurationList = C5847A0C1B7199540029244F /* Build configuration list for PBXProject "PopAnimation" */;
			compatibilityVersion = "Xcode 3.2";
			developmentRegion = English;
			hasScannedForEncodings = 0;
			knownRegions = (
				en,
				Base,
			);
			mainGroup = C5847A081B7199540029244F;
			productRefGroup = C5847A121B7199540029244F /* Products */;
			projectDirPath = "";
			projectRoot = "";
			targets = (
				C5847A101B7199540029244F /* PopAnimation */,
				C5847A291B7199540029244F /* PopAnimationTests */,
			);
		};
/* End PBXProject section */

/* Begin PBXResourcesBuildPhase section */
		C5847A0F1B7199540029244F /* Resources */ = {
			isa = PBXResourcesBuildPhase;
			buildActionMask = 2147483647;
			files = (
				C5847A201B7199540029244F /* Main.storyboard in Resources */,
				C5847A251B7199540029244F /* LaunchScreen.xib in Resources */,
				C5847A221B7199540029244F /* Images.xcassets in Resources */,
			);
			runOnlyForDeploymentPostprocessing = 0;
		};
		C5847A281B7199540029244F /* Resources */ = {
			isa = PBXResourcesBuildPhase;
			buildActionMask = 2147483647;
			files = (
			);
			runOnlyForDeploymentPostprocessing = 0;
		};
/* End PBXResourcesBuildPhase section */

/* Begin PBXSourcesBuildPhase section */
		C5847A0D1B7199540029244F /* Sources */ = {
			isa = PBXSourcesBuildPhase;
			buildActionMask = 2147483647;
			files = (
				C5847A1D1B7199540029244F /* ViewController.m in Sources */,
				C5847A1A1B7199540029244F /* AppDelegate.m in Sources */,
				C5847A171B7199540029244F /* main.m in Sources */,
			);
			runOnlyForDeploymentPostprocessing = 0;
		};
		C5847A261B7199540029244F /* Sources */ = {
			isa = PBXSourcesBuildPhase;
			buildActionMask = 2147483647;
			files = (
				C5847A311B7199540029244F /* PopAnimationTests.m in Sources */,
			);
			runOnlyForDeploymentPostprocessing = 0;
		};
/* End PBXSourcesBuildPhase section */

/* Begin PBXTargetDependency section */
		C5847A2C1B7199540029244F /* PBXTargetDependency */ = {
			isa = PBXTargetDependency;
			target = C5847A101B7199540029244F /* PopAnimation */;
			targetProxy = C5847A2B1B7199540029244F /* PBXContainerItemProxy */;
		};
/* End PBXTargetDependency section */

/* Begin PBXVariantGroup section */
		C5847A1E1B7199540029244F /* Main.storyboard */ = {
			isa = PBXVariantGroup;
			children = (
				C5847A1F1B7199540029244F /* Base */,
			);
			name = Main.storyboard;
			sourceTree = "<group>";
		};
		C5847A231B7199540029244F /* LaunchScreen.xib */ = {
			isa = PBXVariantGroup;
			children = (
				C5847A241B7199540029244F /* Base */,
			);
			name = LaunchScreen.xib;
			sourceTree = "<group>";
		};
/* End PBXVariantGroup section */

/* Begin XCBuildConfiguration section */
		C5847A321B7199540029244F /* Debug */ = {
			isa = XCBuildConfiguration;
			buildSettings = {
				ALWAYS_SEARCH_USER_PATHS = NO;
				CLANG_CXX_LANGUAGE_STANDARD = "gnu++0x";
				CLANG_CXX_LIBRARY = "libc++";
				CLANG_ENABLE_MODULES = YES;
				CLANG_ENABLE_OBJC_ARC = YES;
				CLANG_WARN_BOOL_CONVERSION = YES;
				CLANG_WARN_CONSTANT_CONVERSION = YES;
				CLANG_WARN_DIRECT_OBJC_ISA_USAGE = YES_ERROR;
				CLANG_WARN_EMPTY_BODY = YES;
				CLANG_WARN_ENUM_CONVERSION = YES;
				CLANG_WARN_INT_CONVERSION = YES;
				CLANG_WARN_OBJC_ROOT_CLASS = YES_ERROR;
				CLANG_WARN_UNREACHABLE_CODE = YES;
				CLANG_WARN__DUPLICATE_METHOD_MATCH = YES;
				"CODE_SIGN_IDENTITY[sdk=iphoneos*]" = "iPhone Developer";
				COPY_PHASE_STRIP = NO;
				DEBUG_INFORMATION_FORMAT = "dwarf-with-dsym";
				ENABLE_STRICT_OBJC_MSGSEND = YES;
				GCC_C_LANGUAGE_STANDARD = gnu99;
				GCC_DYNAMIC_NO_PIC = NO;
				GCC_NO_COMMON_BLOCKS = YES;
				GCC_OPTIMIZATION_LEVEL = 0;
				GCC_PREPROCESSOR_DEFINITIONS = (
					"DEBUG=1",
					"$(inherited)",
				);
				GCC_SYMBOLS_PRIVATE_EXTERN = NO;
				GCC_WARN_64_TO_32_BIT_CONVERSION = YES;
				GCC_WARN_ABOUT_RETURN_TYPE = YES_ERROR;
				GCC_WARN_UNDECLARED_SELECTOR = YES;
				GCC_WARN_UNINITIALIZED_AUTOS = YES_AGGRESSIVE;
				GCC_WARN_UNUSED_FUNCTION = YES;
				GCC_WARN_UNUSED_VARIABLE = YES;
				IPHONEOS_DEPLOYMENT_TARGET = 8.3;
				MTL_ENABLE_DEBUG_INFO = YES;
				ONLY_ACTIVE_ARCH = YES;
				SDKROOT = iphoneos;
			};
			name = Debug;
		};
		C5847A331B7199540029244F /* Release */ = {
			isa = XCBuildConfiguration;
			buildSettings = {
				ALWAYS_SEARCH_USER_PATHS = NO;
				CLANG_CXX_LANGUAGE_STANDARD = "gnu++0x";
				CLANG_CXX_LIBRARY = "libc++";
				CLANG_ENABLE_MODULES = YES;
				CLANG_ENABLE_OBJC_ARC = YES;
				CLANG_WARN_BOOL_CONVERSION = YES;
				CLANG_WARN_CONSTANT_CONVERSION = YES;
				CLANG_WARN_DIRECT_OBJC_ISA_USAGE = YES_ERROR;
				CLANG_WARN_EMPTY_BODY = YES;
				CLANG_WARN_ENUM_CONVERSION = YES;
				CLANG_WARN_INT_CONVERSION = YES;
				CLANG_WARN_OBJC_ROOT_CLASS = YES_ERROR;
				CLANG_WARN_UNREACHABLE_CODE = YES;
				CLANG_WARN__DUPLICATE_METHOD_MATCH = YES;
				"CODE_SIGN_IDENTITY[sdk=iphoneos*]" = "iPhone Developer";
				COPY_PHASE_STRIP = NO;
				DEBUG_INFORMATION_FORMAT = "dwarf-with-dsym";
				ENABLE_NS_ASSERTIONS = NO;
				ENABLE_STRICT_OBJC_MSGSEND = YES;
				GCC_C_LANGUAGE_STANDARD = gnu99;
				GCC_NO_COMMON_BLOCKS = YES;
				GCC_WARN_64_TO_32_BIT_CONVERSION = YES;
				GCC_WARN_ABOUT_RETURN_TYPE = YES_ERROR;
				GCC_WARN_UNDECLARED_SELECTOR = YES;
				GCC_WARN_UNINITIALIZED_AUTOS = YES_AGGRESSIVE;
				GCC_WARN_UNUSED_FUNCTION = YES;
				GCC_WARN_UNUSED_VARIABLE = YES;
				IPHONEOS_DEPLOYMENT_TARGET = 8.3;
				MTL_ENABLE_DEBUG_INFO = NO;
				SDKROOT = iphoneos;
				VALIDATE_PRODUCT = YES;
			};
			name = Release;
		};
		C5847A351B7199540029244F /* Debug */ = {
			isa = XCBuildConfiguration;
			buildSettings = {
				ASSETCATALOG_COMPILER_APPICON_NAME = AppIcon;
				INFOPLIST_FILE = PopAnimation/Info.plist;
				LD_RUNPATH_SEARCH_PATHS = "$(inherited) @executable_path/Frameworks";
				PRODUCT_NAME = "$(TARGET_NAME)";
			};
			name = Debug;
		};
		C5847A361B7199540029244F /* Release */ = {
			isa = XCBuildConfiguration;
			buildSettings = {
				ASSETCATALOG_COMPILER_APPICON_NAME = AppIcon;
				INFOPLIST_FILE = PopAnimation/Info.plist;
				LD_RUNPATH_SEARCH_PATHS = "$(inherited) @executable_path/Frameworks";
				PRODUCT_NAME = "$(TARGET_NAME)";
			};
			name = Release;
		};
		C5847A381B7199540029244F /* Debug */ = {
			isa = XCBuildConfiguration;
			buildSettings = {
				BUNDLE_LOADER = "$(TEST_HOST)";
				FRAMEWORK_SEARCH_PATHS = (
					"$(SDKROOT)/Developer/Library/Frameworks",
					"$(inherited)",
				);
				GCC_PREPROCESSOR_DEFINITIONS = (
					"DEBUG=1",
					"$(inherited)",
				);
				INFOPLIST_FILE = PopAnimationTests/Info.plist;
				LD_RUNPATH_SEARCH_PATHS = "$(inherited) @executable_path/Frameworks @loader_path/Frameworks";
				PRODUCT_NAME = "$(TARGET_NAME)";
				TEST_HOST = "$(BUILT_PRODUCTS_DIR)/PopAnimation.app/PopAnimation";
			};
			name = Debug;
		};
		C5847A391B7199540029244F /* Release */ = {
			isa = XCBuildConfiguration;
			buildSettings = {
				BUNDLE_LOADER = "$(TEST_HOST)";
				FRAMEWORK_SEARCH_PATHS = (
					"$(SDKROOT)/Developer/Library/Frameworks",
					"$(inherited)",
				);
				INFOPLIST_FILE = PopAnimationTests/Info.plist;
				LD_RUNPATH_SEARCH_PATHS = "$(inherited) @executable_path/Frameworks @loader_path/Frameworks";
				PRODUCT_NAME = "$(TARGET_NAME)";
				TEST_HOST = "$(BUILT_PRODUCTS_DIR)/PopAnimation.app/PopAnimation";
			};
			name = Release;
		};
/* End XCBuildConfiguration section */

/* Begin XCConfigurationList section */
		C5847A0C1B7199540029244F /* Build configuration list for PBXProject "PopAnimation" */ = {
			isa = XCConfigurationList;
			buildConfigurations = (
				C5847A321B7199540029244F /* Debug */,
				C5847A331B7199540029244F /* Release */,
			);
			defaultConfigurationIsVisible = 0;
			defaultConfigurationName = Release;
		};
		C5847A341B7199540029244F /* Build configuration list for PBXNativeTarget "PopAnimation" */ = {
			isa = XCConfigurationList;
			buildConfigurations = (
				C5847A351B7199540029244F /* Debug */,
				C5847A361B7199540029244F /* Release */,
			);
			defaultConfigurationIsVisible = 0;
		};
		C5847A371B7199540029244F /* Build configuration list for PBXNativeTarget "PopAnimationTests" */ = {
			isa = XCConfigurationList;
			buildConfigurations = (
				C5847A381B7199540029244F /* Debug */,
				C5847A391B7199540029244F /* Release */,
			);
			defaultConfigurationIsVisible = 0;
		};
/* End XCConfigurationList section */
	};
	rootObject = C5847A091B7199540029244F /* Project object */;
}
